
Microsoft Visual Studio Solution File, Format Version 12.00
# Visual Studio Version 17
VisualStudioVersion = 17.0.31912.275
MinimumVisualStudioVersion = 10.0.40219.1
Project("{E24C65DC-7377-472B-9ABA-BC803B73C61A}") = "Website", "..\..\..\harshita repo\Website\", "{08ED0DEC-F12C-4F23-9E03-C668A503C8BF}"
	ProjectSection(WebsiteProperties) = preProject
		TargetFrameworkMoniker = ".NETFramework,Version%3Dv4.5.2"
		Debug.AspNetCompiler.VirtualPath = "/localhost_51343"
		Debug.AspNetCompiler.PhysicalPath = "..\..\..\harshita repo\Website\"
		Debug.AspNetCompiler.TargetPath = "PrecompiledWeb\localhost_51343\"
		Debug.AspNetCompiler.Updateable = "true"
		Debug.AspNetCompiler.ForceOverwrite = "true"
		Debug.AspNetCompiler.FixedNames = "false"
		Debug.AspNetCompiler.Debug = "True"
		Release.AspNetCompiler.VirtualPath = "/localhost_51343"
		Release.AspNetCompiler.PhysicalPath = "..\..\..\harshita repo\Website\"
		Release.AspNetCompiler.TargetPath = "PrecompiledWeb\localhost_51343\"
		Release.AspNetCompiler.Updateable = "true"
		Release.AspNetCompiler.ForceOverwrite = "true"
		Release.AspNetCompiler.FixedNames = "false"
		Release.AspNetCompiler.Debug = "False"
		VWDPort = "51343"
		SlnRelativePath = "..\..\..\harshita repo\Website\"
	EndProjectSection
EndProject
Global
	GlobalSection(SolutionConfigurationPlatforms) = preSolution
		Debug|Any CPU = Debug|Any CPU
	EndGlobalSection
	GlobalSection(ProjectConfigurationPlatforms) = postSolution
		{08ED0DEC-F12C-4F23-9E03-C668A503C8BF}.Debug|Any CPU.ActiveCfg = Debug|Any CPU
		{08ED0DEC-F12C-4F23-9E03-C668A503C8BF}.Debug|Any CPU.Build.0 = Debug|Any CPU
	EndGlobalSection
	GlobalSection(SolutionProperties) = preSolution
		HideSolutionNode = FALSE
	EndGlobalSection
	GlobalSection(ExtensibilityGlobals) = postSolution
		SolutionGuid = {D3981A26-9E78-44B7-AF4C-F3B06002BB8E}
	EndGlobalSection
EndGlobal
